
Microsoft Visual Studio Solution File, Format Version 12.00
# Visual Studio 15
VisualStudioVersion = 15.0.27703.2035
MinimumVisualStudioVersion = 10.0.40219.1
Project("{FAE04EC0-301F-11D3-BF4B-00C04F79EFBC}") = "BLL", "BLL\BLL.csproj", "{AD0BFB6C-B0E4-4457-B85B-C6B2928C0468}"
EndProject
Project("{FAE04EC0-301F-11D3-BF4B-00C04F79EFBC}") = "DAL", "DAL\DAL.csproj", "{5216DFEC-0FC0-4F79-9142-73C45CEDB1D0}"
EndProject
Project("{FAE04EC0-301F-11D3-BF4B-00C04F79EFBC}") = "IDAL", "IDAL\IDAL.csproj", "{21FF8C92-6B7B-46B0-ACFA-DD56F560CFBC}"
EndProject
Project("{FAE04EC0-301F-11D3-BF4B-00C04F79EFBC}") = "DALFactory", "DALFactory\DALFactory.csproj", "{C10B2791-C1E2-4FCA-9CA4-ED37FB464FAA}"
EndProject
Project("{FAE04EC0-301F-11D3-BF4B-00C04F79EFBC}") = "Models", "Models\Models.csproj", "{EB700091-1199-4216-997F-67318D789BFE}"
EndProject
Project("{FAE04EC0-301F-11D3-BF4B-00C04F79EFBC}") = "Dongdongdongman", "Dongdongdongman\Dongdongdongman.csproj", "{A07B06E4-7F50-4A71-846B-DBE7519D4CD2}"
EndProject
Global
	GlobalSection(SolutionConfigurationPlatforms) = preSolution
		Debug|Any CPU = Debug|Any CPU
		Release|Any CPU = Release|Any CPU
	EndGlobalSection
	GlobalSection(ProjectConfigurationPlatforms) = postSolution
		{AD0BFB6C-B0E4-4457-B85B-C6B2928C0468}.Debug|Any CPU.ActiveCfg = Debug|Any CPU
		{AD0BFB6C-B0E4-4457-B85B-C6B2928C0468}.Debug|Any CPU.Build.0 = Debug|Any CPU
		{AD0BFB6C-B0E4-4457-B85B-C6B2928C0468}.Release|Any CPU.ActiveCfg = Release|Any CPU
		{AD0BFB6C-B0E4-4457-B85B-C6B2928C0468}.Release|Any CPU.Build.0 = Release|Any CPU
		{5216DFEC-0FC0-4F79-9142-73C45CEDB1D0}.Debug|Any CPU.ActiveCfg = Debug|Any CPU
		{5216DFEC-0FC0-4F79-9142-73C45CEDB1D0}.Debug|Any CPU.Build.0 = Debug|Any CPU
		{5216DFEC-0FC0-4F79-9142-73C45CEDB1D0}.Release|Any CPU.ActiveCfg = Release|Any CPU
		{5216DFEC-0FC0-4F79-9142-73C45CEDB1D0}.Release|Any CPU.Build.0 = Release|Any CPU
		{21FF8C92-6B7B-46B0-ACFA-DD56F560CFBC}.Debug|Any CPU.ActiveCfg = Debug|Any CPU
		{21FF8C92-6B7B-46B0-ACFA-DD56F560CFBC}.Debug|Any CPU.Build.0 = Debug|Any CPU
		{21FF8C92-6B7B-46B0-ACFA-DD56F560CFBC}.Release|Any CPU.ActiveCfg = Release|Any CPU
		{21FF8C92-6B7B-46B0-ACFA-DD56F560CFBC}.Release|Any CPU.Build.0 = Release|Any CPU
		{C10B2791-C1E2-4FCA-9CA4-ED37FB464FAA}.Debug|Any CPU.ActiveCfg = Debug|Any CPU
		{C10B2791-C1E2-4FCA-9CA4-ED37FB464FAA}.Debug|Any CPU.Build.0 = Debug|Any CPU
		{C10B2791-C1E2-4FCA-9CA4-ED37FB464FAA}.Release|Any CPU.ActiveCfg = Release|Any CPU
		{C10B2791-C1E2-4FCA-9CA4-ED37FB464FAA}.Release|Any CPU.Build.0 = Release|Any CPU
		{EB700091-1199-4216-997F-67318D789BFE}.Debug|Any CPU.ActiveCfg = Debug|Any CPU
		{EB700091-1199-4216-997F-67318D789BFE}.Debug|Any CPU.Build.0 = Debug|Any CPU
		{EB700091-1199-4216-997F-67318D789BFE}.Release|Any CPU.ActiveCfg = Release|Any CPU
		{EB700091-1199-4216-997F-67318D789BFE}.Release|Any CPU.Build.0 = Release|Any CPU
		{A07B06E4-7F50-4A71-846B-DBE7519D4CD2}.Debug|Any CPU.ActiveCfg = Debug|Any CPU
		{A07B06E4-7F50-4A71-846B-DBE7519D4CD2}.Debug|Any CPU.Build.0 = Debug|Any CPU
		{A07B06E4-7F50-4A71-846B-DBE7519D4CD2}.Release|Any CPU.ActiveCfg = Release|Any CPU
		{A07B06E4-7F50-4A71-846B-DBE7519D4CD2}.Release|Any CPU.Build.0 = Release|Any CPU
	EndGlobalSection
	GlobalSection(SolutionProperties) = preSolution
		HideSolutionNode = FALSE
	EndGlobalSection
	GlobalSection(ExtensibilityGlobals) = postSolution
		SolutionGuid = {42599D8C-72E2-4674-B5A1-426E7A475CF9}
	EndGlobalSection
EndGlobal
